
Microsoft Visual Studio Solution File, Format Version 12.00
# Visual Studio 15
VisualStudioVersion = 15.0.27130.2027
MinimumVisualStudioVersion = 10.0.40219.1
Project("{FAE04EC0-301F-11D3-BF4B-00C04F79EFBC}") = "TestApp", "TestApp\TestApp.csproj", "{4F080A2B-0668-44D4-9338-DE54782C1873}"
EndProject
Project("{FAE04EC0-301F-11D3-BF4B-00C04F79EFBC}") = "Common", "Common\Common.csproj", "{B8CA4FA4-1BB1-4AF2-A2B9-54F9507DE899}"
EndProject
Project("{FAE04EC0-301F-11D3-BF4B-00C04F79EFBC}") = "DirectInput", "DirectInput\DirectInput.csproj", "{B0BA9F21-BCE9-4006-9AAA-69DFB370BF90}"
EndProject
Project("{FAE04EC0-301F-11D3-BF4B-00C04F79EFBC}") = "XInput", "XInput\XInput.csproj", "{081D4CAD-5162-4DE2-A639-4C014B50F03B}"
EndProject
Project("{FAE04EC0-301F-11D3-BF4B-00C04F79EFBC}") = "MIDI", "MIDI\MIDI.csproj", "{CE6D7DA1-C1FE-4539-8C3A-7F76F7E68AD3}"
EndProject
Global
	GlobalSection(SolutionConfigurationPlatforms) = preSolution
		Debug|Any CPU = Debug|Any CPU
		Release|Any CPU = Release|Any CPU
	EndGlobalSection
	GlobalSection(ProjectConfigurationPlatforms) = postSolution
		{4F080A2B-0668-44D4-9338-DE54782C1873}.Debug|Any CPU.ActiveCfg = Debug|Any CPU
		{4F080A2B-0668-44D4-9338-DE54782C1873}.Debug|Any CPU.Build.0 = Debug|Any CPU
		{4F080A2B-0668-44D4-9338-DE54782C1873}.Release|Any CPU.ActiveCfg = Release|Any CPU
		{4F080A2B-0668-44D4-9338-DE54782C1873}.Release|Any CPU.Build.0 = Release|Any CPU
		{B8CA4FA4-1BB1-4AF2-A2B9-54F9507DE899}.Debug|Any CPU.ActiveCfg = Debug|Any CPU
		{B8CA4FA4-1BB1-4AF2-A2B9-54F9507DE899}.Debug|Any CPU.Build.0 = Debug|Any CPU
		{B8CA4FA4-1BB1-4AF2-A2B9-54F9507DE899}.Release|Any CPU.ActiveCfg = Release|Any CPU
		{B8CA4FA4-1BB1-4AF2-A2B9-54F9507DE899}.Release|Any CPU.Build.0 = Release|Any CPU
		{B0BA9F21-BCE9-4006-9AAA-69DFB370BF90}.Debug|Any CPU.ActiveCfg = Debug|Any CPU
		{B0BA9F21-BCE9-4006-9AAA-69DFB370BF90}.Debug|Any CPU.Build.0 = Debug|Any CPU
		{B0BA9F21-BCE9-4006-9AAA-69DFB370BF90}.Release|Any CPU.ActiveCfg = Release|Any CPU
		{B0BA9F21-BCE9-4006-9AAA-69DFB370BF90}.Release|Any CPU.Build.0 = Release|Any CPU
		{081D4CAD-5162-4DE2-A639-4C014B50F03B}.Debug|Any CPU.ActiveCfg = Debug|Any CPU
		{081D4CAD-5162-4DE2-A639-4C014B50F03B}.Debug|Any CPU.Build.0 = Debug|Any CPU
		{081D4CAD-5162-4DE2-A639-4C014B50F03B}.Release|Any CPU.ActiveCfg = Release|Any CPU
		{081D4CAD-5162-4DE2-A639-4C014B50F03B}.Release|Any CPU.Build.0 = Release|Any CPU
		{CE6D7DA1-C1FE-4539-8C3A-7F76F7E68AD3}.Debug|Any CPU.ActiveCfg = Debug|Any CPU
		{CE6D7DA1-C1FE-4539-8C3A-7F76F7E68AD3}.Debug|Any CPU.Build.0 = Debug|Any CPU
		{CE6D7DA1-C1FE-4539-8C3A-7F76F7E68AD3}.Release|Any CPU.ActiveCfg = Release|Any CPU
		{CE6D7DA1-C1FE-4539-8C3A-7F76F7E68AD3}.Release|Any CPU.Build.0 = Release|Any CPU
	EndGlobalSection
	GlobalSection(SolutionProperties) = preSolution
		HideSolutionNode = FALSE
	EndGlobalSection
	GlobalSection(ExtensibilityGlobals) = postSolution
		SolutionGuid = {8D576045-C50B-4232-BCA2-A01E1BD1E741}
	EndGlobalSection
EndGlobal
